
Microsoft Visual Studio Solution File, Format Version 12.00
# Visual Studio Version 17
VisualStudioVersion = 17.6.33815.320
MinimumVisualStudioVersion = 10.0.40219.1
Project("{FAE04EC0-301F-11D3-BF4B-00C04F79EFBC}") = "Quiet Attic Films", "Quiet Attic Films\Quiet Attic Films.csproj", "{523F28F5-837F-44BF-B29F-43C684EBFF39}"
EndProject
Global
	GlobalSection(SolutionConfigurationPlatforms) = preSolution
		Debug|Any CPU = Debug|Any CPU
		Release|Any CPU = Release|Any CPU
	EndGlobalSection
	GlobalSection(ProjectConfigurationPlatforms) = postSolution
		{523F28F5-837F-44BF-B29F-43C684EBFF39}.Debug|Any CPU.ActiveCfg = Debug|Any CPU
		{523F28F5-837F-44BF-B29F-43C684EBFF39}.Debug|Any CPU.Build.0 = Debug|Any CPU
		{523F28F5-837F-44BF-B29F-43C684EBFF39}.Release|Any CPU.ActiveCfg = Release|Any CPU
		{523F28F5-837F-44BF-B29F-43C684EBFF39}.Release|Any CPU.Build.0 = Release|Any CPU
	EndGlobalSection
	GlobalSection(SolutionProperties) = preSolution
		HideSolutionNode = FALSE
	EndGlobalSection
	GlobalSection(ExtensibilityGlobals) = postSolution
		SolutionGuid = {5A742B57-BD2D-41D8-BE89-DEC5A59F6D66}
	EndGlobalSection
EndGlobal
